
Microsoft Visual Studio Solution File, Format Version 12.00
# Visual Studio Version 17
VisualStudioVersion = 17.2.32616.157
MinimumVisualStudioVersion = 10.0.40219.1
Project("{FAE04EC0-301F-11D3-BF4B-00C04F79EFBC}") = "PRSCGraham", "PRSCGraham\PRSCGraham.csproj", "{8AE744D8-F6D9-4038-B7FF-95C0B0FB016D}"
EndProject
Global
	GlobalSection(SolutionConfigurationPlatforms) = preSolution
		Debug|Any CPU = Debug|Any CPU
		Release|Any CPU = Release|Any CPU
	EndGlobalSection
	GlobalSection(ProjectConfigurationPlatforms) = postSolution
		{8AE744D8-F6D9-4038-B7FF-95C0B0FB016D}.Debug|Any CPU.ActiveCfg = Debug|Any CPU
		{8AE744D8-F6D9-4038-B7FF-95C0B0FB016D}.Debug|Any CPU.Build.0 = Debug|Any CPU
		{8AE744D8-F6D9-4038-B7FF-95C0B0FB016D}.Release|Any CPU.ActiveCfg = Release|Any CPU
		{8AE744D8-F6D9-4038-B7FF-95C0B0FB016D}.Release|Any CPU.Build.0 = Release|Any CPU
	EndGlobalSection
	GlobalSection(SolutionProperties) = preSolution
		HideSolutionNode = FALSE
	EndGlobalSection
	GlobalSection(ExtensibilityGlobals) = postSolution
		SolutionGuid = {4C7EBB72-E418-417C-9D6D-58FB223B9E62}
	EndGlobalSection
EndGlobal
